buf.build/gen/go/envoyproxy/protoc-gen-validate/protocolbuffers/go v1.34.2-20240617172848-daf171c6cdb5.2 h1:aqeZg3AjuPIY5XdC5eablgkIMBBfAm2xaGPeoxtms+4=
buf.build/gen/go/envoyproxy/protoc-gen-validate/protocolbuffers/go v1.34.2-20240617172848-daf171c6cdb5.2/go.mod h1:SnbPPY9GLJ7p3rEkKzq7WdQgQuvzxcDELXVZ26VwrmM=
buf.build/gen/go/grpc-ecosystem/grpc-gateway/protocolbuffers/go v1.34.2-20240617172850-a48fcebcf8f1.2 h1:60531IScGBBw17MoVfvCasfBedurjQ4qkr0cNhrDTR0=
buf.build/gen/go/grpc-ecosystem/grpc-gateway/protocolbuffers/go v1.34.2-20240617172850-a48fcebcf8f1.2/go.mod h1:WZzeH4Sx52g5HpdqDE4B6I0cn5MPzKmp7lSG6oB6ais=
buf.build/gen/go/permifyco/permify/grpc/go v1.5.1-20240722150440-5ee7aa4c5fb5.1 h1:DSDj0FXKqfw+pNi3xouFc5Ewr5Pz7AJhpNih0nnEsRg=
buf.build/gen/go/permifyco/permify/grpc/go v1.5.1-20240722150440-5ee7aa4c5fb5.1/go.mod h1:cLym9TbR9HOJOzI97hoD+szCeWqqzlPZdVlDbSXYSLs=
buf.build/gen/go/permifyco/permify/protocolbuffers/go v1.34.2-20240910075319-951f0fc243ab.2 h1:/QvbXlWuboSjt/KTRS/UitkrsEUTp9k1fdxgzAMX+io=
buf.build/gen/go/permifyco/permify/protocolbuffers/go v1.34.2-20240910075319-951f0fc243ab.2/go.mod h1:DiFLFtaImmhn+nE0fSIvwvjdg6sTYITslVJWQXUBL3g=
github.com/Permify/permify-go v0.4.9 h1:+BLAlbHR/5ZUZYZGOy7jwbSo5MVdofciK2GV2iiZHXo=
github.com/Permify/permify-go v0.4.9/go.mod h1:YK3zhtF/ILLoiXcBDv9ct9O8NkX4UsP9YnwfgrPGHyY=
github.com/fsnotify/fsnotify v1.4.9 h1:hsms1Qyu0jgnwNXIxa+/V/PDsU6CfLf6CNO8H7IWoS4=
github.com/fsnotify/fsnotify v1.4.9/go.mod h1:znqG4EE+3YCdAaPaxE2ZRY/06pZUdp0tY4IgpuI1SZQ=
github.com/google/go-cmp v0.6.0 h1:ofyhxvXcZhMsU5ulbFiLKl/XBFqE1GSq7atu8tAmTRI=
github.com/google/go-cmp v0.6.0/go.mod h1:17dUlkBOakJ0+DkrSSNjCkIjxS6bF9zb3elmeNGIjoY=
github.com/nxadm/tail v1.4.8 h1:nPr65rt6Y5JFSKQO7qToXr7pePgD6Gwiw05lkbyAQTE=
github.com/nxadm/tail v1.4.8/go.mod h1:+ncqLTQzXmGhMZNUePPaPqPvBxHAIsmXswZKocGu+AU=
github.com/onsi/ginkgo v1.16.5 h1:8xi0RTUf59SOSfEtZMvwTvXYMzG4gV23XVHOZiXNtnE=
github.com/onsi/ginkgo v1.16.5/go.mod h1:+E8gABHa3K6zRBolWtd+ROzc/U5bkGt0FwiG042wbpU=
github.com/onsi/gomega v1.34.1 h1:EUMJIKUjM8sKjYbtxQI9A4z2o+rruxnzNvpknOXie6k=
github.com/onsi/gomega v1.34.1/go.mod h1:kU1QgUvBDLXBJq618Xvm2LUX6rSAfRaFRTcdOeDLwwY=
golang.org/x/exp v0.0.0-20240719175910-8a7402abbf56 h1:2dVuKD2vS7b0QIHQbpyTISPd0LeHDbnYEryqj5Q1ug8=
golang.org/x/exp v0.0.0-20240719175910-8a7402abbf56/go.mod h1:M4RDyNAINzryxdtnbRXRL/OHtkFuWGRjvuhBJpk2IlY=
golang.org/x/net v0.28.0 h1:a9JDOJc5GMUJ0+UDqmLT86WiEy7iWyIhz8gz8E4e5hE=
golang.org/x/net v0.28.0/go.mod h1:yqtgsTWOOnlGLG9GFRrK3++bGOUEkNBoHZc8MEDWPNg=
golang.org/x/sys v0.23.0 h1:YfKFowiIMvtgl1UERQoTPPToxltDeZfbj4H7dVUCwmM=
golang.org/x/sys v0.23.0/go.mod h1:/VUhepiaJMQUp4+oa/7Zr1D23ma6VTLIYjOOTFZPUcA=
golang.org/x/text v0.17.0 h1:XtiM5bkSOt+ewxlOE/aE/AKEHibwj/6gvWMl9Rsh0Qc=
golang.org/x/text v0.17.0/go.mod h1:BuEKDfySbSR4drPmRPG/7iBdf8hvFMuRexcpahXilzY=
google.golang.org/genproto/googleapis/api v0.0.0-20240805194559-2c9e96a0b5d4 h1:ABEBT/sZ7We8zd7A5f3KO6zMQe+s3901H7l8Whhijt0=
google.golang.org/genproto/googleapis/api v0.0.0-20240805194559-2c9e96a0b5d4/go.mod h1:4+X6GvPs+25wZKbQq9qyAXrwIRExv7w0Ea6MgZLZiDM=
google.golang.org/genproto/googleapis/rpc v0.0.0-20240805194559-2c9e96a0b5d4 h1:OsSGQeIIsyOEOimVxLEIL4rwGcnrjOydQaiA2bOnZUM=
google.golang.org/genproto/googleapis/rpc v0.0.0-20240805194559-2c9e96a0b5d4/go.mod h1:Ue6ibwXGpU+dqIcODieyLOcgj7z8+IcskoNIgZxtrFY=
google.golang.org/grpc v1.66.2 h1:3QdXkuq3Bkh7w+ywLdLvM56cmGvQHUMZpiCzt6Rqaoo=
google.golang.org/grpc v1.66.2/go.mod h1:s3/l6xSSCURdVfAnL+TqCNMyTDAGN6+lZeVxnZR128Y=
google.golang.org/protobuf v1.34.2 h1:6xV6lTsCfpGD21XK49h7MhtcApnLqkfYgPcdHftf6hg=
google.golang.org/protobuf v1.34.2/go.mod h1:qYOHts0dSfpeUzUFpOMr/WGzszTmLH+DiWniOlNbLDw=
gopkg.in/tomb.v1 v1.0.0-20141024135613-dd632973f1e7 h1:uRGJdciOHaEIrze2W8Q3AKkepLTh2hOroT7a+7czfdQ=
gopkg.in/tomb.v1 v1.0.0-20141024135613-dd632973f1e7/go.mod h1:dt/ZhP58zS4L8KSrWDmTeBkI65Dw0HsyUHuEVlX15mw=
gopkg.in/yaml.v3 v3.0.1 h1:fxVm/GzAzEWqLHuvctI91KS9hhNmmWOoWu0XTYJS7CA=
gopkg.in/yaml.v3 v3.0.1/go.mod h1:K4uyk7z7BCEPqu6E+C64Yfv1cQ7kz7rIZviUmN+EgEM=
