# Generated by buf. DO NOT EDIT.
version: v1
deps:
  - remote: buf.build
    owner: envoyproxy
    repository: protoc-gen-validate
    commit: 6607b10f00ed4a3d98f906807131c44a
    digest: shake256:acc7b2ededb2f88d296862943a003b157bdb68ec93ed13dcd8566b2d06e47993ea6daf12013b9655658aaf6bbdb141cf65bfe400ce2870f4654b0a5b45e57c09
  - remote: buf.build
    owner: googleapis
    repository: googleapis
    commit: 75b4300737fb4efca0831636be94e517
    digest: shake256:d865f55b8ceb838c90c28b09894ab43d07f42551108c23760004a6a4e28fe24d3a1f7380a3c9278edb329a338a9cc5db8ad9f394de548e70d534e98504972d67
  - remote: buf.build
    owner: grpc-ecosystem
    repository: grpc-gateway
    commit: a1ecdc58eccd49aa8bea2a7a9022dc27
    digest: shake256:efdd86fbdc42e8b7259fe461a49656827a03fb7cba0b3b9eb622ca10654ec6beccb9a051229c1553ccd89ed3e95d69ad4d7c799f1da3f3f1bd447b7947a4893e
